
Microsoft Visual Studio Solution File, Format Version 12.00
# Visual Studio Version 16
VisualStudioVersion = 16.0.31112.23
MinimumVisualStudioVersion = 10.0.40219.1
Project("{9A19103F-16F7-4668-BE54-9A1E7A4F7556}") = "WorldChatService", "WorldChatService\WorldChatService.csproj", "{29AC7A5C-CAE8-459C-9291-8196948A6DC3}"
EndProject
Project("{2150E333-8FDC-42A3-9474-1A3956D46DE8}") = "Libraries", "Libraries", "{FB1A3CEA-689B-4534-96A6-6849A78149B5}"
EndProject
Project("{9A19103F-16F7-4668-BE54-9A1E7A4F7556}") = "Common", "Common\Common.csproj", "{4EE25BE6-6670-4B7F-A5FF-92FFAEBA79B0}"
EndProject
Project("{9A19103F-16F7-4668-BE54-9A1E7A4F7556}") = "CommonServer", "CommonServer\CommonServer.csproj", "{36475DB1-7A34-436F-88C7-E7EF75334134}"
EndProject
Project("{2150E333-8FDC-42A3-9474-1A3956D46DE8}") = "ConsoleClients", "ConsoleClients", "{23BA4E2D-2A4E-4CF8-B5AB-1CC4930D2314}"
EndProject
Project("{9A19103F-16F7-4668-BE54-9A1E7A4F7556}") = "ChatClient", "ConsoleClients\ChatClient\ChatClient.csproj", "{A50CEF26-0DC9-4773-84A2-FF5643B336FA}"
EndProject
Project("{2150E333-8FDC-42A3-9474-1A3956D46DE8}") = "Test", "Test", "{DEB55D2E-C53A-4AEE-BD66-4856EB9E8F20}"
EndProject
Project("{9A19103F-16F7-4668-BE54-9A1E7A4F7556}") = "UnitTests", "UnitTests\UnitTests.csproj", "{4C94DF36-3E7A-4062-9B05-B67B5A75C2CD}"
EndProject
Project("{9A19103F-16F7-4668-BE54-9A1E7A4F7556}") = "LoginService", "LoginService\LoginService.csproj", "{0C177C74-3BF3-4667-A8E2-0BC4043503CA}"
EndProject
Project("{9A19103F-16F7-4668-BE54-9A1E7A4F7556}") = "ReliableUdp", "UnityAzureNetworkEngine\Core\ReliableUdp\ReliableUdp.csproj", "{F9EE5557-E7BF-49A3-91AD-5AAD579782E8}"
EndProject
Project("{9A19103F-16F7-4668-BE54-9A1E7A4F7556}") = "CharacterService", "CharacterService\CharacterService.csproj", "{702EBDBE-6EEF-4E88-AA51-890CB8331ADB}"
EndProject
Project("{9A19103F-16F7-4668-BE54-9A1E7A4F7556}") = "MapService", "MapService\MapService.csproj", "{045A4424-7989-4F8D-9D25-BC35FF7F6C80}"
EndProject
Project("{9A19103F-16F7-4668-BE54-9A1E7A4F7556}") = "InventoryService", "InventoryService\InventoryService.csproj", "{1CD0D730-6F69-411C-BCC5-A63163B7F44A}"
EndProject
Project("{9A19103F-16F7-4668-BE54-9A1E7A4F7556}") = "InventoryEventProcessorService", "InventoryEventProcessorService\InventoryEventProcessorService.csproj", "{885055D1-62A9-4BC4-BE30-089CAACFC37E}"
EndProject
Project("{9A19103F-16F7-4668-BE54-9A1E7A4F7556}") = "DailyLoginService", "DailyLoginService\DailyLoginService.csproj", "{C18F47BB-A98E-4FE7-BBC2-E2E66FDFCDFD}"
EndProject
Project("{9A19103F-16F7-4668-BE54-9A1E7A4F7556}") = "PlayerEventProcessorService", "PlayerEventProcessorService\PlayerEventProcessorService.csproj", "{9D00557D-3D51-4069-B6C3-4DF31044E235}"
EndProject
Project("{9A19103F-16F7-4668-BE54-9A1E7A4F7556}") = "PlayerEventService", "PlayerEventService\PlayerEventService.csproj", "{ED0E684F-2F6C-4D9D-861B-5E8F202FDA65}"
EndProject
Project("{9A19103F-16F7-4668-BE54-9A1E7A4F7556}") = "PropManagementService", "PropManagementService\PropManagementService.csproj", "{A39B04D0-A163-42D1-A94E-D67B1FEAF3B9}"
EndProject
Project("{FAE04EC0-301F-11D3-BF4B-00C04F79EFBC}") = "CombatService", "CombatService\CombatService.csproj", "{10D6AC34-89C7-472E-A2F1-F4C907509DC6}"
EndProject
Global
	GlobalSection(SolutionConfigurationPlatforms) = preSolution
		Debug|Any CPU = Debug|Any CPU
		Release|Any CPU = Release|Any CPU
	EndGlobalSection
	GlobalSection(ProjectConfigurationPlatforms) = postSolution
		{29AC7A5C-CAE8-459C-9291-8196948A6DC3}.Debug|Any CPU.ActiveCfg = Debug|Any CPU
		{29AC7A5C-CAE8-459C-9291-8196948A6DC3}.Debug|Any CPU.Build.0 = Debug|Any CPU
		{29AC7A5C-CAE8-459C-9291-8196948A6DC3}.Release|Any CPU.ActiveCfg = Release|Any CPU
		{29AC7A5C-CAE8-459C-9291-8196948A6DC3}.Release|Any CPU.Build.0 = Release|Any CPU
		{4EE25BE6-6670-4B7F-A5FF-92FFAEBA79B0}.Debug|Any CPU.ActiveCfg = Debug|Any CPU
		{4EE25BE6-6670-4B7F-A5FF-92FFAEBA79B0}.Debug|Any CPU.Build.0 = Debug|Any CPU
		{4EE25BE6-6670-4B7F-A5FF-92FFAEBA79B0}.Release|Any CPU.ActiveCfg = Release|Any CPU
		{4EE25BE6-6670-4B7F-A5FF-92FFAEBA79B0}.Release|Any CPU.Build.0 = Release|Any CPU
		{36475DB1-7A34-436F-88C7-E7EF75334134}.Debug|Any CPU.ActiveCfg = Debug|Any CPU
		{36475DB1-7A34-436F-88C7-E7EF75334134}.Debug|Any CPU.Build.0 = Debug|Any CPU
		{36475DB1-7A34-436F-88C7-E7EF75334134}.Release|Any CPU.ActiveCfg = Release|Any CPU
		{36475DB1-7A34-436F-88C7-E7EF75334134}.Release|Any CPU.Build.0 = Release|Any CPU
		{A50CEF26-0DC9-4773-84A2-FF5643B336FA}.Debug|Any CPU.ActiveCfg = Debug|Any CPU
		{A50CEF26-0DC9-4773-84A2-FF5643B336FA}.Debug|Any CPU.Build.0 = Debug|Any CPU
		{A50CEF26-0DC9-4773-84A2-FF5643B336FA}.Release|Any CPU.ActiveCfg = Release|Any CPU
		{A50CEF26-0DC9-4773-84A2-FF5643B336FA}.Release|Any CPU.Build.0 = Release|Any CPU
		{4C94DF36-3E7A-4062-9B05-B67B5A75C2CD}.Debug|Any CPU.ActiveCfg = Debug|Any CPU
		{4C94DF36-3E7A-4062-9B05-B67B5A75C2CD}.Debug|Any CPU.Build.0 = Debug|Any CPU
		{4C94DF36-3E7A-4062-9B05-B67B5A75C2CD}.Release|Any CPU.ActiveCfg = Release|Any CPU
		{4C94DF36-3E7A-4062-9B05-B67B5A75C2CD}.Release|Any CPU.Build.0 = Release|Any CPU
		{0C177C74-3BF3-4667-A8E2-0BC4043503CA}.Debug|Any CPU.ActiveCfg = Debug|Any CPU
		{0C177C74-3BF3-4667-A8E2-0BC4043503CA}.Debug|Any CPU.Build.0 = Debug|Any CPU
		{0C177C74-3BF3-4667-A8E2-0BC4043503CA}.Release|Any CPU.ActiveCfg = Release|Any CPU
		{0C177C74-3BF3-4667-A8E2-0BC4043503CA}.Release|Any CPU.Build.0 = Release|Any CPU
		{F9EE5557-E7BF-49A3-91AD-5AAD579782E8}.Debug|Any CPU.ActiveCfg = Debug|Any CPU
		{F9EE5557-E7BF-49A3-91AD-5AAD579782E8}.Debug|Any CPU.Build.0 = Debug|Any CPU
		{F9EE5557-E7BF-49A3-91AD-5AAD579782E8}.Release|Any CPU.ActiveCfg = Release|Any CPU
		{F9EE5557-E7BF-49A3-91AD-5AAD579782E8}.Release|Any CPU.Build.0 = Release|Any CPU
		{702EBDBE-6EEF-4E88-AA51-890CB8331ADB}.Debug|Any CPU.ActiveCfg = Debug|Any CPU
		{702EBDBE-6EEF-4E88-AA51-890CB8331ADB}.Debug|Any CPU.Build.0 = Debug|Any CPU
		{702EBDBE-6EEF-4E88-AA51-890CB8331ADB}.Release|Any CPU.ActiveCfg = Release|Any CPU
		{702EBDBE-6EEF-4E88-AA51-890CB8331ADB}.Release|Any CPU.Build.0 = Release|Any CPU
		{045A4424-7989-4F8D-9D25-BC35FF7F6C80}.Debug|Any CPU.ActiveCfg = Debug|Any CPU
		{045A4424-7989-4F8D-9D25-BC35FF7F6C80}.Debug|Any CPU.Build.0 = Debug|Any CPU
		{045A4424-7989-4F8D-9D25-BC35FF7F6C80}.Release|Any CPU.ActiveCfg = Release|Any CPU
		{045A4424-7989-4F8D-9D25-BC35FF7F6C80}.Release|Any CPU.Build.0 = Release|Any CPU
		{1CD0D730-6F69-411C-BCC5-A63163B7F44A}.Debug|Any CPU.ActiveCfg = Debug|Any CPU
		{1CD0D730-6F69-411C-BCC5-A63163B7F44A}.Debug|Any CPU.Build.0 = Debug|Any CPU
		{1CD0D730-6F69-411C-BCC5-A63163B7F44A}.Release|Any CPU.ActiveCfg = Release|Any CPU
		{1CD0D730-6F69-411C-BCC5-A63163B7F44A}.Release|Any CPU.Build.0 = Release|Any CPU
		{885055D1-62A9-4BC4-BE30-089CAACFC37E}.Debug|Any CPU.ActiveCfg = Debug|Any CPU
		{885055D1-62A9-4BC4-BE30-089CAACFC37E}.Debug|Any CPU.Build.0 = Debug|Any CPU
		{885055D1-62A9-4BC4-BE30-089CAACFC37E}.Release|Any CPU.ActiveCfg = Release|Any CPU
		{885055D1-62A9-4BC4-BE30-089CAACFC37E}.Release|Any CPU.Build.0 = Release|Any CPU
		{C18F47BB-A98E-4FE7-BBC2-E2E66FDFCDFD}.Debug|Any CPU.ActiveCfg = Debug|Any CPU
		{C18F47BB-A98E-4FE7-BBC2-E2E66FDFCDFD}.Debug|Any CPU.Build.0 = Debug|Any CPU
		{C18F47BB-A98E-4FE7-BBC2-E2E66FDFCDFD}.Release|Any CPU.ActiveCfg = Release|Any CPU
		{C18F47BB-A98E-4FE7-BBC2-E2E66FDFCDFD}.Release|Any CPU.Build.0 = Release|Any CPU
		{9D00557D-3D51-4069-B6C3-4DF31044E235}.Debug|Any CPU.ActiveCfg = Debug|Any CPU
		{9D00557D-3D51-4069-B6C3-4DF31044E235}.Debug|Any CPU.Build.0 = Debug|Any CPU
		{9D00557D-3D51-4069-B6C3-4DF31044E235}.Release|Any CPU.ActiveCfg = Release|Any CPU
		{9D00557D-3D51-4069-B6C3-4DF31044E235}.Release|Any CPU.Build.0 = Release|Any CPU
		{ED0E684F-2F6C-4D9D-861B-5E8F202FDA65}.Debug|Any CPU.ActiveCfg = Debug|Any CPU
		{ED0E684F-2F6C-4D9D-861B-5E8F202FDA65}.Debug|Any CPU.Build.0 = Debug|Any CPU
		{ED0E684F-2F6C-4D9D-861B-5E8F202FDA65}.Release|Any CPU.ActiveCfg = Release|Any CPU
		{ED0E684F-2F6C-4D9D-861B-5E8F202FDA65}.Release|Any CPU.Build.0 = Release|Any CPU
		{A39B04D0-A163-42D1-A94E-D67B1FEAF3B9}.Debug|Any CPU.ActiveCfg = Debug|Any CPU
		{A39B04D0-A163-42D1-A94E-D67B1FEAF3B9}.Debug|Any CPU.Build.0 = Debug|Any CPU
		{A39B04D0-A163-42D1-A94E-D67B1FEAF3B9}.Release|Any CPU.ActiveCfg = Release|Any CPU
		{A39B04D0-A163-42D1-A94E-D67B1FEAF3B9}.Release|Any CPU.Build.0 = Release|Any CPU
		{10D6AC34-89C7-472E-A2F1-F4C907509DC6}.Debug|Any CPU.ActiveCfg = Debug|Any CPU
		{10D6AC34-89C7-472E-A2F1-F4C907509DC6}.Debug|Any CPU.Build.0 = Debug|Any CPU
		{10D6AC34-89C7-472E-A2F1-F4C907509DC6}.Release|Any CPU.ActiveCfg = Release|Any CPU
		{10D6AC34-89C7-472E-A2F1-F4C907509DC6}.Release|Any CPU.Build.0 = Release|Any CPU
	EndGlobalSection
	GlobalSection(SolutionProperties) = preSolution
		HideSolutionNode = FALSE
	EndGlobalSection
	GlobalSection(NestedProjects) = preSolution
		{4EE25BE6-6670-4B7F-A5FF-92FFAEBA79B0} = {FB1A3CEA-689B-4534-96A6-6849A78149B5}
		{36475DB1-7A34-436F-88C7-E7EF75334134} = {FB1A3CEA-689B-4534-96A6-6849A78149B5}
		{A50CEF26-0DC9-4773-84A2-FF5643B336FA} = {23BA4E2D-2A4E-4CF8-B5AB-1CC4930D2314}
		{4C94DF36-3E7A-4062-9B05-B67B5A75C2CD} = {DEB55D2E-C53A-4AEE-BD66-4856EB9E8F20}
		{F9EE5557-E7BF-49A3-91AD-5AAD579782E8} = {FB1A3CEA-689B-4534-96A6-6849A78149B5}
	EndGlobalSection
	GlobalSection(ExtensibilityGlobals) = postSolution
		SolutionGuid = {4AECCA7D-7BE8-4E27-8C1A-7AF83E0DF34D}
	EndGlobalSection
EndGlobal
