
Microsoft Visual Studio Solution File, Format Version 12.00
# Visual Studio Version 16
VisualStudioVersion = 16.0.29519.87
MinimumVisualStudioVersion = 10.0.40219.1
Project("{9A19103F-16F7-4668-BE54-9A1E7A4F7556}") = "ReliableUdp", "Core\ReliableUdp\ReliableUdp.csproj", "{501D613E-8CBE-4DC3-888F-DBDA285558BE}"
EndProject
Project("{FAE04EC0-301F-11D3-BF4B-00C04F79EFBC}") = "CoreTest", "Core\CoreTest\CoreTest.csproj", "{D0BCA611-F056-45DB-8C7E-70521FB6430D}"
EndProject
Project("{2150E333-8FDC-42A3-9474-1A3956D46DE8}") = "Test", "Test", "{9485FDCB-D857-471F-B04E-33394E891F06}"
EndProject
Project("{2150E333-8FDC-42A3-9474-1A3956D46DE8}") = "TransportLayer", "TransportLayer", "{4134C8EB-980B-4640-AB2A-756D4F16FBAC}"
EndProject
Global
	GlobalSection(SolutionConfigurationPlatforms) = preSolution
		Debug|Any CPU = Debug|Any CPU
		Debug|x64 = Debug|x64
		Release|Any CPU = Release|Any CPU
		Release|x64 = Release|x64
	EndGlobalSection
	GlobalSection(ProjectConfigurationPlatforms) = postSolution
		{501D613E-8CBE-4DC3-888F-DBDA285558BE}.Debug|Any CPU.ActiveCfg = Debug|Any CPU
		{501D613E-8CBE-4DC3-888F-DBDA285558BE}.Debug|Any CPU.Build.0 = Debug|Any CPU
		{501D613E-8CBE-4DC3-888F-DBDA285558BE}.Debug|x64.ActiveCfg = Debug|Any CPU
		{501D613E-8CBE-4DC3-888F-DBDA285558BE}.Debug|x64.Build.0 = Debug|Any CPU
		{501D613E-8CBE-4DC3-888F-DBDA285558BE}.Release|Any CPU.ActiveCfg = Release|Any CPU
		{501D613E-8CBE-4DC3-888F-DBDA285558BE}.Release|Any CPU.Build.0 = Release|Any CPU
		{501D613E-8CBE-4DC3-888F-DBDA285558BE}.Release|x64.ActiveCfg = Release|Any CPU
		{501D613E-8CBE-4DC3-888F-DBDA285558BE}.Release|x64.Build.0 = Release|Any CPU
		{D0BCA611-F056-45DB-8C7E-70521FB6430D}.Debug|Any CPU.ActiveCfg = Debug|Any CPU
		{D0BCA611-F056-45DB-8C7E-70521FB6430D}.Debug|Any CPU.Build.0 = Debug|Any CPU
		{D0BCA611-F056-45DB-8C7E-70521FB6430D}.Debug|x64.ActiveCfg = Debug|Any CPU
		{D0BCA611-F056-45DB-8C7E-70521FB6430D}.Debug|x64.Build.0 = Debug|Any CPU
		{D0BCA611-F056-45DB-8C7E-70521FB6430D}.Release|Any CPU.ActiveCfg = Release|Any CPU
		{D0BCA611-F056-45DB-8C7E-70521FB6430D}.Release|Any CPU.Build.0 = Release|Any CPU
		{D0BCA611-F056-45DB-8C7E-70521FB6430D}.Release|x64.ActiveCfg = Release|Any CPU
		{D0BCA611-F056-45DB-8C7E-70521FB6430D}.Release|x64.Build.0 = Release|Any CPU
	EndGlobalSection
	GlobalSection(SolutionProperties) = preSolution
		HideSolutionNode = FALSE
	EndGlobalSection
	GlobalSection(NestedProjects) = preSolution
		{501D613E-8CBE-4DC3-888F-DBDA285558BE} = {4134C8EB-980B-4640-AB2A-756D4F16FBAC}
		{D0BCA611-F056-45DB-8C7E-70521FB6430D} = {9485FDCB-D857-471F-B04E-33394E891F06}
	EndGlobalSection
	GlobalSection(ExtensibilityGlobals) = postSolution
		SolutionGuid = {DE1A79D7-41F8-4083-9A06-DFC3B19897E8}
	EndGlobalSection
EndGlobal
